
Microsoft Visual Studio Solution File, Format Version 12.00
# Visual Studio Version 16
VisualStudioVersion = 16.0.30204.135
MinimumVisualStudioVersion = 10.0.40219.1
Project("{9A19103F-16F7-4668-BE54-9A1E7A4F7556}") = "AppDatabase", "Database\AppDatabase.csproj", "{D0B602D7-6D57-4D26-9BF1-5CFB0B1F8B1F}"
EndProject
Project("{9A19103F-16F7-4668-BE54-9A1E7A4F7556}") = "WebApp", "WebApp\WebApp.csproj", "{66062E67-6203-42A7-853B-2135C03E9D47}"
EndProject
Project("{9A19103F-16F7-4668-BE54-9A1E7A4F7556}") = "Api", "Api\Api.csproj", "{C537D9A6-C0B4-4260-8240-38DF25339CC2}"
EndProject
Project("{9A19103F-16F7-4668-BE54-9A1E7A4F7556}") = "Application", "Application\Application.csproj", "{C3382741-DCA0-4E66-8D6E-5E25227252F0}"
EndProject
Global
	GlobalSection(SolutionConfigurationPlatforms) = preSolution
		Debug|Any CPU = Debug|Any CPU
		Release|Any CPU = Release|Any CPU
	EndGlobalSection
	GlobalSection(ProjectConfigurationPlatforms) = postSolution
		{D0B602D7-6D57-4D26-9BF1-5CFB0B1F8B1F}.Debug|Any CPU.ActiveCfg = Debug|Any CPU
		{D0B602D7-6D57-4D26-9BF1-5CFB0B1F8B1F}.Debug|Any CPU.Build.0 = Debug|Any CPU
		{D0B602D7-6D57-4D26-9BF1-5CFB0B1F8B1F}.Release|Any CPU.ActiveCfg = Release|Any CPU
		{D0B602D7-6D57-4D26-9BF1-5CFB0B1F8B1F}.Release|Any CPU.Build.0 = Release|Any CPU
		{66062E67-6203-42A7-853B-2135C03E9D47}.Debug|Any CPU.ActiveCfg = Debug|Any CPU
		{66062E67-6203-42A7-853B-2135C03E9D47}.Debug|Any CPU.Build.0 = Debug|Any CPU
		{66062E67-6203-42A7-853B-2135C03E9D47}.Release|Any CPU.ActiveCfg = Release|Any CPU
		{66062E67-6203-42A7-853B-2135C03E9D47}.Release|Any CPU.Build.0 = Release|Any CPU
		{C537D9A6-C0B4-4260-8240-38DF25339CC2}.Debug|Any CPU.ActiveCfg = Debug|Any CPU
		{C537D9A6-C0B4-4260-8240-38DF25339CC2}.Debug|Any CPU.Build.0 = Debug|Any CPU
		{C537D9A6-C0B4-4260-8240-38DF25339CC2}.Release|Any CPU.ActiveCfg = Release|Any CPU
		{C537D9A6-C0B4-4260-8240-38DF25339CC2}.Release|Any CPU.Build.0 = Release|Any CPU
		{C3382741-DCA0-4E66-8D6E-5E25227252F0}.Debug|Any CPU.ActiveCfg = Debug|Any CPU
		{C3382741-DCA0-4E66-8D6E-5E25227252F0}.Debug|Any CPU.Build.0 = Debug|Any CPU
		{C3382741-DCA0-4E66-8D6E-5E25227252F0}.Release|Any CPU.ActiveCfg = Release|Any CPU
		{C3382741-DCA0-4E66-8D6E-5E25227252F0}.Release|Any CPU.Build.0 = Release|Any CPU
	EndGlobalSection
	GlobalSection(SolutionProperties) = preSolution
		HideSolutionNode = FALSE
	EndGlobalSection
	GlobalSection(ExtensibilityGlobals) = postSolution
		SolutionGuid = {1161FADE-F7DA-4E1B-A880-55DC0A2CAE34}
	EndGlobalSection
EndGlobal
